// !$*UTF8*$!
{
	archiveVersion = 1;
	classes = {
	};
	objectVersion = 50;
	objects = {

/* Begin PBXAggregateTarget section */
		2FD5754622827A24004EC165 /* CreatePackage_Plus */ = {
			isa = PBXAggregateTarget;
			buildConfigurationList = 2FD5754722827A24004EC165 /* Build configuration list for PBXAggregateTarget "CreatePackage_Plus" */;
			buildPhases = (
				2FD5754F22827B5B004EC165 /* ShellScript */,
			);
			dependencies = (
				2FD575522282C9D5004EC165 /* PBXTargetDependency */,
			);
			name = CreatePackage_Plus;
			productName = CreatePackage_Plus;
		};
		2FD5754A22827A54004EC165 /* ExportModule_MobPushPlus */ = {
			isa = PBXAggregateTarget;
			buildConfigurationList = 2FD5754B22827A54004EC165 /* Build configuration list for PBXAggregateTarget "ExportModule_MobPushPlus" */;
			buildPhases = (
				2FD5754E22827B55004EC165 /* ShellScript */,
			);
			dependencies = (
			);
			name = ExportModule_MobPushPlus;
			productName = ExportModule_MobPushPlus;
		};
/* End PBXAggregateTarget section */

/* Begin PBXBuildFile section */
		2FD575412281B21F004EC165 /* MobPushPlus.m in Sources */ = {isa = PBXBuildFile; fileRef = 2FD575402281B21F004EC165 /* MobPushPlus.m */; };
		2FD575422281B21F004EC165 /* MobPushPlus.h in CopyFiles */ = {isa = PBXBuildFile; fileRef = 2FD5753F2281B21F004EC165 /* MobPushPlus.h */; };
/* End PBXBuildFile section */

/* Begin PBXContainerItemProxy section */
		2FD575512282C9D5004EC165 /* PBXContainerItemProxy */ = {
			isa = PBXContainerItemProxy;
			containerPortal = 2FD5750B2281AEF2004EC165 /* Project object */;
			proxyType = 1;
			remoteGlobalIDString = 2FD5753C2281B21F004EC165;
			remoteInfo = MobPushPlus;
		};
/* End PBXContainerItemProxy section */

/* Begin PBXCopyFilesBuildPhase section */
		2FD5753B2281B21F004EC165 /* CopyFiles */ = {
			isa = PBXCopyFilesBuildPhase;
			buildActionMask = 2147483647;
			dstPath = "include/$(PRODUCT_NAME)";
			dstSubfolderSpec = 16;
			files = (
				2FD575422281B21F004EC165 /* MobPushPlus.h in CopyFiles */,
			);
			runOnlyForDeploymentPostprocessing = 0;
		};
/* End PBXCopyFilesBuildPhase section */

/* Begin PBXFileReference section */
		2FD5753D2281B21F004EC165 /* libMobPushPlus.a */ = {isa = PBXFileReference; explicitFileType = archive.ar; includeInIndex = 0; path = libMobPushPlus.a; sourceTree = BUILT_PRODUCTS_DIR; };
		2FD5753F2281B21F004EC165 /* MobPushPlus.h */ = {isa = PBXFileReference; lastKnownFileType = sourcecode.c.h; path = MobPushPlus.h; sourceTree = "<group>"; };
		2FD575402281B21F004EC165 /* MobPushPlus.m */ = {isa = PBXFileReference; lastKnownFileType = sourcecode.c.objc; path = MobPushPlus.m; sourceTree = "<group>"; };
/* End PBXFileReference section */

/* Begin PBXFrameworksBuildPhase section */
		2FD5753A2281B21F004EC165 /* Frameworks */ = {
			isa = PBXFrameworksBuildPhase;
			buildActionMask = 2147483647;
			files = (
			);
			runOnlyForDeploymentPostprocessing = 0;
		};
/* End PBXFrameworksBuildPhase section */

/* Begin PBXGroup section */
		2FD5750A2281AEF2004EC165 = {
			isa = PBXGroup;
			children = (
				2FD5753E2281B21F004EC165 /* MobPushPlus */,
				2FD575152281AEF2004EC165 /* Products */,
			);
			sourceTree = "<group>";
		};
		2FD575152281AEF2004EC165 /* Products */ = {
			isa = PBXGroup;
			children = (
				2FD5753D2281B21F004EC165 /* libMobPushPlus.a */,
			);
			name = Products;
			sourceTree = "<group>";
		};
		2FD5753E2281B21F004EC165 /* MobPushPlus */ = {
			isa = PBXGroup;
			children = (
				2FD5753F2281B21F004EC165 /* MobPushPlus.h */,
				2FD575402281B21F004EC165 /* MobPushPlus.m */,
			);
			path = MobPushPlus;
			sourceTree = "<group>";
		};
/* End PBXGroup section */

/* Begin PBXNativeTarget section */
		2FD5753C2281B21F004EC165 /* MobPushPlus */ = {
			isa = PBXNativeTarget;
			buildConfigurationList = 2FD575432281B21F004EC165 /* Build configuration list for PBXNativeTarget "MobPushPlus" */;
			buildPhases = (
				2FD575392281B21F004EC165 /* Sources */,
				2FD5753A2281B21F004EC165 /* Frameworks */,
				2FD5753B2281B21F004EC165 /* CopyFiles */,
			);
			buildRules = (
			);
			dependencies = (
			);
			name = MobPushPlus;
			productName = MobPushPlus;
			productReference = 2FD5753D2281B21F004EC165 /* libMobPushPlus.a */;
			productType = "com.apple.product-type.library.static";
		};
/* End PBXNativeTarget section */

/* Begin PBXProject section */
		2FD5750B2281AEF2004EC165 /* Project object */ = {
			isa = PBXProject;
			attributes = {
				LastUpgradeCheck = 1020;
				ORGANIZATIONNAME = YouZu;
				TargetAttributes = {
					2FD5753C2281B21F004EC165 = {
						CreatedOnToolsVersion = 10.2.1;
					};
					2FD5754622827A24004EC165 = {
						CreatedOnToolsVersion = 10.2.1;
					};
					2FD5754A22827A54004EC165 = {
						CreatedOnToolsVersion = 10.2.1;
					};
				};
			};
			buildConfigurationList = 2FD5750E2281AEF2004EC165 /* Build configuration list for PBXProject "MobPushPlus" */;
			compatibilityVersion = "Xcode 9.3";
			developmentRegion = en;
			hasScannedForEncodings = 0;
			knownRegions = (
				en,
			);
			mainGroup = 2FD5750A2281AEF2004EC165;
			productRefGroup = 2FD575152281AEF2004EC165 /* Products */;
			projectDirPath = "";
			projectRoot = "";
			targets = (
				2FD5753C2281B21F004EC165 /* MobPushPlus */,
				2FD5754622827A24004EC165 /* CreatePackage_Plus */,
				2FD5754A22827A54004EC165 /* ExportModule_MobPushPlus */,
			);
		};
/* End PBXProject section */

/* Begin PBXShellScriptBuildPhase section */
		2FD5754E22827B55004EC165 /* ShellScript */ = {
			isa = PBXShellScriptBuildPhase;
			buildActionMask = 2147483647;
			files = (
			);
			inputFileListPaths = (
			);
			inputPaths = (
			);
			outputFileListPaths = (
			);
			outputPaths = (
			);
			runOnlyForDeploymentPostprocessing = 0;
			shellPath = /bin/sh;
			shellScript = "\n#要build的target名\nTARGET_NAME=${PROJECT_NAME}\n#echo \"target_Name=${TARGET_NAME}\"\n\nModuleName=mobPushPlus\n\n#要build的target名\nINSTALL_DIR=${SRCROOT}/../UZModule/${ModuleName}\nINSTALL_DIR_A=${INSTALL_DIR}/lib${TARGET_NAME}.a\n\n\n#模块打包\nEXPORT_ROOT=${SRCROOT}/../Export_Module/${ModuleName}\nEXPORT_DIR=${EXPORT_ROOT}/target\nEXPORT_DIR_A=${EXPORT_DIR}/lib${TARGET_NAME}.a\n\n#SDK\nSDK_DIR=${SRCROOT}/../SDK\n\nif [ -d \"${EXPORT_DIR}\" ]\nthen\nrm -rf \"${EXPORT_DIR}\"\nfi\nmkdir -p \"${EXPORT_DIR}\"\n\ncp \"${INSTALL_DIR_A}\" \"${EXPORT_DIR}/\"\n\n#添加必要的MobPush相关包\n#SDK/Required/\ncp -R \"${SDK_DIR}/Required/\" \"${EXPORT_DIR}/\"\n\n#SDK/MobPush/\ncp -R \"${SDK_DIR}/MobPush/\" \"${EXPORT_DIR}/\"\n\nfind $EXPORT_DIR -type d -name \"*.lproj\" -exec rm -r {} \\+\nfind $EXPORT_DIR -type f -name \"*.plist\" -exec rm -r {} \\+\n\ncd ${EXPORT_ROOT}/../\nzip -rq ${ModuleName}.zip ${ModuleName}\n\nmv ${ModuleName}.zip ./../../MobPush发布APICloud材料/ios/${ModuleName}.zip\n\nopen ${EXPORT_ROOT}\n\n";
		};
		2FD5754F22827B5B004EC165 /* ShellScript */ = {
			isa = PBXShellScriptBuildPhase;
			buildActionMask = 2147483647;
			files = (
			);
			inputFileListPaths = (
			);
			inputPaths = (
			);
			outputFileListPaths = (
			);
			outputPaths = (
			);
			runOnlyForDeploymentPostprocessing = 0;
			shellPath = /bin/sh;
			shellScript = "\n#要build的target名\nTARGET_NAME=${PROJECT_NAME}\n#echo \"target_Name=${TARGET_NAME}\"\n\n#要build的target名\nINSTALL_DIR=${SRCROOT}/../UZModule/mobPushPlus\nINSTALL_DIR_A=${INSTALL_DIR}/lib${TARGET_NAME}.a\nINSTALL_DIR_Headers=${INSTALL_DIR}/Headers\n\nWORK_DIR=build\nDEVICE_DIR_A=${WORK_DIR}/Release-iphoneos/lib${TARGET_NAME}.a\nSIMULATOR_DIR_A=${WORK_DIR}/Release-iphonesimulator/lib${TARGET_NAME}.a\nDEVICE_DIR_INCLUDE=${WORK_DIR}/Release-iphoneos/include\n\n# -configuration ${CONFIGURATION}\n# Clean and Building both architectures.\n#xcodebuild -target ${TARGET_NAME} clean\n\nxcodebuild BITCODE_GENERATION_MODE=bitcode OTHER_CFLAGS=\"-fembed-bitcode\" -arch \"armv7s\" -arch \"armv7\" -arch \"arm64\" -configuration \"Release\" -target \"${TARGET_NAME}\" -sdk iphoneos build\nxcodebuild BITCODE_GENERATION_MODE=bitcode OTHER_CFLAGS=\"-fembed-bitcode\" -arch \"i386\" -arch \"x86_64\" -configuration \"Release\" -target \"${TARGET_NAME}\" -sdk iphonesimulator build\n\n#模拟器build\n#xcodebuild -target ${TARGET_NAME} -configuration Release -sdk iphonesimulator\n#真机build\n#xcodebuild -target ${TARGET_NAME} -configuration Release -sdk iphoneos\n\n# Cleaning the oldest.\nif [ -d \"${INSTALL_DIR_A}\" ]\nthen\nrm -rf \"${INSTALL_DIR_A}\"\nfi\n\nif [ -d \"${INSTALL_DIR_Headers}\" ]\nthen\nrm -rf \"${INSTALL_DIR_Headers}\"\nfi\n\n#复制头文件到目标文件夹\n#cp -R \"${DEVICE_DIR_INCLUDE}\" \"${INSTALL_DIR_Headers}\"\n\n# Uses the Lipo Tool to merge both binary files (i386 + armv6/armv7) into one Universal final product.\nlipo -create \"${DEVICE_DIR_A}\" \"${SIMULATOR_DIR_A}\" -output \"${INSTALL_DIR_A}\"\n\nrm -r \"${WORK_DIR}\"\n\n";
		};
/* End PBXShellScriptBuildPhase section */

/* Begin PBXSourcesBuildPhase section */
		2FD575392281B21F004EC165 /* Sources */ = {
			isa = PBXSourcesBuildPhase;
			buildActionMask = 2147483647;
			files = (
				2FD575412281B21F004EC165 /* MobPushPlus.m in Sources */,
			);
			runOnlyForDeploymentPostprocessing = 0;
		};
/* End PBXSourcesBuildPhase section */

/* Begin PBXTargetDependency section */
		2FD575522282C9D5004EC165 /* PBXTargetDependency */ = {
			isa = PBXTargetDependency;
			target = 2FD5753C2281B21F004EC165 /* MobPushPlus */;
			targetProxy = 2FD575512282C9D5004EC165 /* PBXContainerItemProxy */;
		};
/* End PBXTargetDependency section */

/* Begin XCBuildConfiguration section */
		2FD5751A2281AEF2004EC165 /* Debug */ = {
			isa = XCBuildConfiguration;
			buildSettings = {
				ALWAYS_SEARCH_USER_PATHS = NO;
				CLANG_ANALYZER_NONNULL = YES;
				CLANG_ANALYZER_NUMBER_OBJECT_CONVERSION = YES_AGGRESSIVE;
				CLANG_CXX_LANGUAGE_STANDARD = "gnu++14";
				CLANG_CXX_LIBRARY = "libc++";
				CLANG_ENABLE_MODULES = YES;
				CLANG_ENABLE_OBJC_ARC = YES;
				CLANG_ENABLE_OBJC_WEAK = YES;
				CLANG_WARN_BLOCK_CAPTURE_AUTORELEASING = YES;
				CLANG_WARN_BOOL_CONVERSION = YES;
				CLANG_WARN_COMMA = YES;
				CLANG_WARN_CONSTANT_CONVERSION = YES;
				CLANG_WARN_DEPRECATED_OBJC_IMPLEMENTATIONS = YES;
				CLANG_WARN_DIRECT_OBJC_ISA_USAGE = YES_ERROR;
				CLANG_WARN_DOCUMENTATION_COMMENTS = YES;
				CLANG_WARN_EMPTY_BODY = YES;
				CLANG_WARN_ENUM_CONVERSION = YES;
				CLANG_WARN_INFINITE_RECURSION = YES;
				CLANG_WARN_INT_CONVERSION = YES;
				CLANG_WARN_NON_LITERAL_NULL_CONVERSION = YES;
				CLANG_WARN_OBJC_IMPLICIT_RETAIN_SELF = YES;
				CLANG_WARN_OBJC_LITERAL_CONVERSION = YES;
				CLANG_WARN_OBJC_ROOT_CLASS = YES_ERROR;
				CLANG_WARN_RANGE_LOOP_ANALYSIS = YES;
				CLANG_WARN_STRICT_PROTOTYPES = YES;
				CLANG_WARN_SUSPICIOUS_MOVE = YES;
				CLANG_WARN_UNGUARDED_AVAILABILITY = YES_AGGRESSIVE;
				CLANG_WARN_UNREACHABLE_CODE = YES;
				CLANG_WARN__DUPLICATE_METHOD_MATCH = YES;
				CODE_SIGN_IDENTITY = "iPhone Developer";
				COPY_PHASE_STRIP = NO;
				CURRENT_PROJECT_VERSION = 1;
				DEBUG_INFORMATION_FORMAT = dwarf;
				ENABLE_STRICT_OBJC_MSGSEND = YES;
				ENABLE_TESTABILITY = YES;
				GCC_C_LANGUAGE_STANDARD = gnu11;
				GCC_DYNAMIC_NO_PIC = NO;
				GCC_NO_COMMON_BLOCKS = YES;
				GCC_OPTIMIZATION_LEVEL = 0;
				GCC_PREPROCESSOR_DEFINITIONS = (
					"DEBUG=1",
					"$(inherited)",
				);
				GCC_WARN_64_TO_32_BIT_CONVERSION = YES;
				GCC_WARN_ABOUT_RETURN_TYPE = YES_ERROR;
				GCC_WARN_UNDECLARED_SELECTOR = YES;
				GCC_WARN_UNINITIALIZED_AUTOS = YES_AGGRESSIVE;
				GCC_WARN_UNUSED_FUNCTION = YES;
				GCC_WARN_UNUSED_VARIABLE = YES;
				IPHONEOS_DEPLOYMENT_TARGET = 8.0;
				MTL_ENABLE_DEBUG_INFO = INCLUDE_SOURCE;
				MTL_FAST_MATH = YES;
				ONLY_ACTIVE_ARCH = YES;
				SDKROOT = iphoneos;
				VERSIONING_SYSTEM = "apple-generic";
				VERSION_INFO_PREFIX = "";
			};
			name = Debug;
		};
		2FD5751B2281AEF2004EC165 /* Release */ = {
			isa = XCBuildConfiguration;
			buildSettings = {
				ALWAYS_SEARCH_USER_PATHS = NO;
				CLANG_ANALYZER_NONNULL = YES;
				CLANG_ANALYZER_NUMBER_OBJECT_CONVERSION = YES_AGGRESSIVE;
				CLANG_CXX_LANGUAGE_STANDARD = "gnu++14";
				CLANG_CXX_LIBRARY = "libc++";
				CLANG_ENABLE_MODULES = YES;
				CLANG_ENABLE_OBJC_ARC = YES;
				CLANG_ENABLE_OBJC_WEAK = YES;
				CLANG_WARN_BLOCK_CAPTURE_AUTORELEASING = YES;
				CLANG_WARN_BOOL_CONVERSION = YES;
				CLANG_WARN_COMMA = YES;
				CLANG_WARN_CONSTANT_CONVERSION = YES;
				CLANG_WARN_DEPRECATED_OBJC_IMPLEMENTATIONS = YES;
				CLANG_WARN_DIRECT_OBJC_ISA_USAGE = YES_ERROR;
				CLANG_WARN_DOCUMENTATION_COMMENTS = YES;
				CLANG_WARN_EMPTY_BODY = YES;
				CLANG_WARN_ENUM_CONVERSION = YES;
				CLANG_WARN_INFINITE_RECURSION = YES;
				CLANG_WARN_INT_CONVERSION = YES;
				CLANG_WARN_NON_LITERAL_NULL_CONVERSION = YES;
				CLANG_WARN_OBJC_IMPLICIT_RETAIN_SELF = YES;
				CLANG_WARN_OBJC_LITERAL_CONVERSION = YES;
				CLANG_WARN_OBJC_ROOT_CLASS = YES_ERROR;
				CLANG_WARN_RANGE_LOOP_ANALYSIS = YES;
				CLANG_WARN_STRICT_PROTOTYPES = YES;
				CLANG_WARN_SUSPICIOUS_MOVE = YES;
				CLANG_WARN_UNGUARDED_AVAILABILITY = YES_AGGRESSIVE;
				CLANG_WARN_UNREACHABLE_CODE = YES;
				CLANG_WARN__DUPLICATE_METHOD_MATCH = YES;
				CODE_SIGN_IDENTITY = "iPhone Developer";
				COPY_PHASE_STRIP = NO;
				CURRENT_PROJECT_VERSION = 1;
				DEBUG_INFORMATION_FORMAT = "dwarf-with-dsym";
				ENABLE_NS_ASSERTIONS = NO;
				ENABLE_STRICT_OBJC_MSGSEND = YES;
				GCC_C_LANGUAGE_STANDARD = gnu11;
				GCC_NO_COMMON_BLOCKS = YES;
				GCC_WARN_64_TO_32_BIT_CONVERSION = YES;
				GCC_WARN_ABOUT_RETURN_TYPE = YES_ERROR;
				GCC_WARN_UNDECLARED_SELECTOR = YES;
				GCC_WARN_UNINITIALIZED_AUTOS = YES_AGGRESSIVE;
				GCC_WARN_UNUSED_FUNCTION = YES;
				GCC_WARN_UNUSED_VARIABLE = YES;
				IPHONEOS_DEPLOYMENT_TARGET = 8.0;
				MTL_ENABLE_DEBUG_INFO = NO;
				MTL_FAST_MATH = YES;
				SDKROOT = iphoneos;
				VALIDATE_PRODUCT = YES;
				VERSIONING_SYSTEM = "apple-generic";
				VERSION_INFO_PREFIX = "";
			};
			name = Release;
		};
		2FD575442281B21F004EC165 /* Debug */ = {
			isa = XCBuildConfiguration;
			buildSettings = {
				CODE_SIGN_STYLE = Automatic;
				FRAMEWORK_SEARCH_PATHS = "$(PROJECT_DIR)/../SDK/**";
				HEADER_SEARCH_PATHS = "$(PROJECT_DIR)/UZEngine/**";
				ONLY_ACTIVE_ARCH = NO;
				OTHER_CFLAGS = "-fembed-bitcode";
				OTHER_LDFLAGS = "-ObjC";
				PRODUCT_NAME = "$(TARGET_NAME)";
				SKIP_INSTALL = YES;
				TARGETED_DEVICE_FAMILY = "1,2";
			};
			name = Debug;
		};
		2FD575452281B21F004EC165 /* Release */ = {
			isa = XCBuildConfiguration;
			buildSettings = {
				CODE_SIGN_STYLE = Automatic;
				FRAMEWORK_SEARCH_PATHS = "$(PROJECT_DIR)/../SDK/**";
				HEADER_SEARCH_PATHS = "$(PROJECT_DIR)/UZEngine/**";
				ONLY_ACTIVE_ARCH = NO;
				OTHER_CFLAGS = "-fembed-bitcode";
				OTHER_LDFLAGS = "-ObjC";
				PRODUCT_NAME = "$(TARGET_NAME)";
				SKIP_INSTALL = YES;
				TARGETED_DEVICE_FAMILY = "1,2";
			};
			name = Release;
		};
		2FD5754822827A24004EC165 /* Debug */ = {
			isa = XCBuildConfiguration;
			buildSettings = {
				CODE_SIGN_STYLE = Automatic;
				PRODUCT_NAME = "$(TARGET_NAME)";
			};
			name = Debug;
		};
		2FD5754922827A24004EC165 /* Release */ = {
			isa = XCBuildConfiguration;
			buildSettings = {
				CODE_SIGN_STYLE = Automatic;
				PRODUCT_NAME = "$(TARGET_NAME)";
			};
			name = Release;
		};
		2FD5754C22827A54004EC165 /* Debug */ = {
			isa = XCBuildConfiguration;
			buildSettings = {
				CODE_SIGN_STYLE = Automatic;
				PRODUCT_NAME = "$(TARGET_NAME)";
			};
			name = Debug;
		};
		2FD5754D22827A54004EC165 /* Release */ = {
			isa = XCBuildConfiguration;
			buildSettings = {
				CODE_SIGN_STYLE = Automatic;
				PRODUCT_NAME = "$(TARGET_NAME)";
			};
			name = Release;
		};
/* End XCBuildConfiguration section */

/* Begin XCConfigurationList section */
		2FD5750E2281AEF2004EC165 /* Build configuration list for PBXProject "MobPushPlus" */ = {
			isa = XCConfigurationList;
			buildConfigurations = (
				2FD5751A2281AEF2004EC165 /* Debug */,
				2FD5751B2281AEF2004EC165 /* Release */,
			);
			defaultConfigurationIsVisible = 0;
			defaultConfigurationName = Release;
		};
		2FD575432281B21F004EC165 /* Build configuration list for PBXNativeTarget "MobPushPlus" */ = {
			isa = XCConfigurationList;
			buildConfigurations = (
				2FD575442281B21F004EC165 /* Debug */,
				2FD575452281B21F004EC165 /* Release */,
			);
			defaultConfigurationIsVisible = 0;
			defaultConfigurationName = Release;
		};
		2FD5754722827A24004EC165 /* Build configuration list for PBXAggregateTarget "CreatePackage_Plus" */ = {
			isa = XCConfigurationList;
			buildConfigurations = (
				2FD5754822827A24004EC165 /* Debug */,
				2FD5754922827A24004EC165 /* Release */,
			);
			defaultConfigurationIsVisible = 0;
			defaultConfigurationName = Release;
		};
		2FD5754B22827A54004EC165 /* Build configuration list for PBXAggregateTarget "ExportModule_MobPushPlus" */ = {
			isa = XCConfigurationList;
			buildConfigurations = (
				2FD5754C22827A54004EC165 /* Debug */,
				2FD5754D22827A54004EC165 /* Release */,
			);
			defaultConfigurationIsVisible = 0;
			defaultConfigurationName = Release;
		};
/* End XCConfigurationList section */
	};
	rootObject = 2FD5750B2281AEF2004EC165 /* Project object */;
}
